
Microsoft Visual Studio Solution File, Format Version 12.00
# Visual Studio 15
VisualStudioVersion = 15.0.27130.2027
MinimumVisualStudioVersion = 10.0.40219.1
Project("{FAE04EC0-301F-11D3-BF4B-00C04F79EFBC}") = "VirtualMindMatrix", "VirtualMindMatrix\VirtualMindMatrix.csproj", "{0B7F3641-D379-40DA-AF21-D6906B86F6CA}"
EndProject
Global
	GlobalSection(SolutionConfigurationPlatforms) = preSolution
		Debug|Any CPU = Debug|Any CPU
		Release|Any CPU = Release|Any CPU
	EndGlobalSection
	GlobalSection(ProjectConfigurationPlatforms) = postSolution
		{0B7F3641-D379-40DA-AF21-D6906B86F6CA}.Debug|Any CPU.ActiveCfg = Debug|Any CPU
		{0B7F3641-D379-40DA-AF21-D6906B86F6CA}.Debug|Any CPU.Build.0 = Debug|Any CPU
		{0B7F3641-D379-40DA-AF21-D6906B86F6CA}.Release|Any CPU.ActiveCfg = Release|Any CPU
		{0B7F3641-D379-40DA-AF21-D6906B86F6CA}.Release|Any CPU.Build.0 = Release|Any CPU
	EndGlobalSection
	GlobalSection(SolutionProperties) = preSolution
		HideSolutionNode = FALSE
	EndGlobalSection
	GlobalSection(ExtensibilityGlobals) = postSolution
		SolutionGuid = {D87D7CCB-C205-48C9-9C1C-1A3818D6FE7D}
	EndGlobalSection
EndGlobal
